
Microsoft Visual Studio Solution File, Format Version 12.00
# Visual Studio 2017
Project("{FAE04EC0-301F-11D3-BF4B-00C04F79EFBC}") = "Moba", "Moba.csproj", "{98587288-A6F5-EDB0-091B-A6B75D5C47C7}"
EndProject
Project("{FAE04EC0-301F-11D3-BF4B-00C04F79EFBC}") = "Moba.Editor", "Moba.Editor.csproj", "{D2C082AD-2617-3253-2D2E-2DE40A3922AA}"
EndProject
Global
	GlobalSection(SolutionConfigurationPlatforms) = preSolution
		Debug|Any CPU = Debug|Any CPU
		Release|Any CPU = Release|Any CPU
	EndGlobalSection
	GlobalSection(ProjectConfigurationPlatforms) = postSolution
		{98587288-A6F5-EDB0-091B-A6B75D5C47C7}.Debug|Any CPU.ActiveCfg = Debug|Any CPU
		{98587288-A6F5-EDB0-091B-A6B75D5C47C7}.Debug|Any CPU.Build.0 = Debug|Any CPU
		{98587288-A6F5-EDB0-091B-A6B75D5C47C7}.Release|Any CPU.ActiveCfg = Release|Any CPU
		{98587288-A6F5-EDB0-091B-A6B75D5C47C7}.Release|Any CPU.Build.0 = Release|Any CPU
		{D2C082AD-2617-3253-2D2E-2DE40A3922AA}.Debug|Any CPU.ActiveCfg = Debug|Any CPU
		{D2C082AD-2617-3253-2D2E-2DE40A3922AA}.Debug|Any CPU.Build.0 = Debug|Any CPU
		{D2C082AD-2617-3253-2D2E-2DE40A3922AA}.Release|Any CPU.ActiveCfg = Release|Any CPU
		{D2C082AD-2617-3253-2D2E-2DE40A3922AA}.Release|Any CPU.Build.0 = Release|Any CPU
	EndGlobalSection
	GlobalSection(SolutionProperties) = preSolution
		HideSolutionNode = FALSE
	EndGlobalSection
EndGlobal
